
Microsoft Visual Studio Solution File, Format Version 12.00
# Visual Studio Version 17
VisualStudioVersion = 17.0.31903.59
MinimumVisualStudioVersion = 10.0.40219.1
Project("{2150E333-8FDC-42A3-9474-1A3956D46DE8}") = "src", "src", "{959C6385-7ECD-446B-BE96-A7D6C1823A5F}"
EndProject
Project("{2150E333-8FDC-42A3-9474-1A3956D46DE8}") = "ApiGateway", "ApiGateway", "{D0E48552-6073-452B-B88B-4312B91EE30A}"
EndProject
Project("{FAE04EC0-301F-11D3-BF4B-00C04F79EFBC}") = "ApiGateway", "src\ApiGateway\ApiGateway\ApiGateway.csproj", "{D0B224E6-9489-426D-9428-825F94BB7A97}"
EndProject
Project("{2150E333-8FDC-42A3-9474-1A3956D46DE8}") = "BuildingBlocks", "BuildingBlocks", "{330BD5A9-27EE-4A89-A7F5-7ECD967B27C7}"
EndProject
Project("{FAE04EC0-301F-11D3-BF4B-00C04F79EFBC}") = "EventBus", "src\BuildingBlocks\EventBus\EventBus.csproj", "{59F71FE5-E05E-4EF5-B267-5299CD0A0616}"
EndProject
Project("{FAE04EC0-301F-11D3-BF4B-00C04F79EFBC}") = "Shared.Abstractions", "src\BuildingBlocks\Shared.Abstractions\Shared.Abstractions.csproj", "{EF12DA2C-984A-434E-8F58-38DE14BCD417}"
EndProject
Project("{FAE04EC0-301F-11D3-BF4B-00C04F79EFBC}") = "Shared.Logging", "src\BuildingBlocks\Shared.Logging\Shared.Logging.csproj", "{27D140CF-5B4D-4459-8D63-773F4FED871D}"
EndProject
Project("{2150E333-8FDC-42A3-9474-1A3956D46DE8}") = "Services", "Services", "{3AE02990-8AE6-4442-9C46-97997B0FB302}"
EndProject
Project("{2150E333-8FDC-42A3-9474-1A3956D46DE8}") = "BasketService", "BasketService", "{81BF1A93-82CD-4220-B7AF-1AB3AD96C36D}"
EndProject
Project("{FAE04EC0-301F-11D3-BF4B-00C04F79EFBC}") = "BasketService.Api", "src\Services\BasketService\BasketService.Api\BasketService.Api.csproj", "{D81127A8-92A7-4DDF-AB0F-8F870C73B04A}"
EndProject
Project("{FAE04EC0-301F-11D3-BF4B-00C04F79EFBC}") = "BasketService.Application", "src\Services\BasketService\BasketService.Application\BasketService.Application.csproj", "{34077504-C72C-4C7F-A109-C985703E7E37}"
EndProject
Project("{FAE04EC0-301F-11D3-BF4B-00C04F79EFBC}") = "BasketService.Domain", "src\Services\BasketService\BasketService.Domain\BasketService.Domain.csproj", "{372331E6-1050-49B2-B90D-33EFEF3A170C}"
EndProject
Project("{FAE04EC0-301F-11D3-BF4B-00C04F79EFBC}") = "BasketService.Infrastructure", "src\Services\BasketService\BasketService.Infrastructure\BasketService.Infrastructure.csproj", "{282B8ABD-80C7-4D10-AD26-F13D39145740}"
EndProject
Project("{2150E333-8FDC-42A3-9474-1A3956D46DE8}") = "DeliveryService", "DeliveryService", "{3AEB5DE9-5E26-49B8-996B-EF7C492B0504}"
EndProject
Project("{FAE04EC0-301F-11D3-BF4B-00C04F79EFBC}") = "DeliveryService.Api", "src\Services\DeliveryService\DeliveryService.Api\DeliveryService.Api.csproj", "{68B74B7A-C162-43B0-9081-E32A5BB431F9}"
EndProject
Project("{FAE04EC0-301F-11D3-BF4B-00C04F79EFBC}") = "DeliveryService.Application", "src\Services\DeliveryService\DeliveryService.Application\DeliveryService.Application.csproj", "{8A91A6B4-FF54-4743-B991-10121605D243}"
EndProject
Project("{FAE04EC0-301F-11D3-BF4B-00C04F79EFBC}") = "DeliveryService.Domain", "src\Services\DeliveryService\DeliveryService.Domain\DeliveryService.Domain.csproj", "{1151CF97-6063-4D40-B919-EF633FF93397}"
EndProject
Project("{FAE04EC0-301F-11D3-BF4B-00C04F79EFBC}") = "DeliveryService.Infrastructure", "src\Services\DeliveryService\DeliveryService.Infrastructure\DeliveryService.Infrastructure.csproj", "{46390E08-D7EE-4C6A-A283-9CE24FB4EAAC}"
EndProject
Project("{2150E333-8FDC-42A3-9474-1A3956D46DE8}") = "IdentityService", "IdentityService", "{B14F30AE-AD4E-4780-848B-A9CC602FC226}"
EndProject
Project("{FAE04EC0-301F-11D3-BF4B-00C04F79EFBC}") = "IdentityService.Api", "src\Services\IdentityService\IdentityService.Api\IdentityService.Api.csproj", "{989459E4-53F3-44EC-AF38-2A6B28615657}"
EndProject
Project("{FAE04EC0-301F-11D3-BF4B-00C04F79EFBC}") = "IdentityService.Application", "src\Services\IdentityService\IdentityService.Application\IdentityService.Application.csproj", "{2834163A-CEFA-49F5-9501-4370A78C2312}"
EndProject
Project("{FAE04EC0-301F-11D3-BF4B-00C04F79EFBC}") = "IdentityService.Domain", "src\Services\IdentityService\IdentityService.Domain\IdentityService.Domain.csproj", "{C04B3D04-D580-4537-950C-876C5D0B8D2B}"
EndProject
Project("{FAE04EC0-301F-11D3-BF4B-00C04F79EFBC}") = "IdentityService.Infrastructure", "src\Services\IdentityService\IdentityService.Infrastructure\IdentityService.Infrastructure.csproj", "{2EEE6186-0003-4DA1-820E-C3AE03D0E15D}"
EndProject
Project("{2150E333-8FDC-42A3-9474-1A3956D46DE8}") = "NotificationService", "NotificationService", "{986F6395-9CA9-4790-87DF-5273C307D6B6}"
EndProject
Project("{FAE04EC0-301F-11D3-BF4B-00C04F79EFBC}") = "NotificationService.Api", "src\Services\NotificationService\NotificationService.Api\NotificationService.Api.csproj", "{782031A8-B636-46CA-AE17-C4E81C8DAA03}"
EndProject
Project("{FAE04EC0-301F-11D3-BF4B-00C04F79EFBC}") = "NotificationService.Application", "src\Services\NotificationService\NotificationService.Application\NotificationService.Application.csproj", "{46F57596-06DC-4ABF-934A-8420A7C38B65}"
EndProject
Project("{FAE04EC0-301F-11D3-BF4B-00C04F79EFBC}") = "NotificationService.Domain", "src\Services\NotificationService\NotificationService.Domain\NotificationService.Domain.csproj", "{32C9FD77-12E4-4A52-A679-B996F96F2660}"
EndProject
Project("{FAE04EC0-301F-11D3-BF4B-00C04F79EFBC}") = "NotificationService.Infrastructure", "src\Services\NotificationService\NotificationService.Infrastructure\NotificationService.Infrastructure.csproj", "{5FCE1F2C-12CA-43F8-8D2F-EA5273565E1F}"
EndProject
Project("{2150E333-8FDC-42A3-9474-1A3956D46DE8}") = "OrderService", "OrderService", "{D48DF851-3F88-454F-90CD-EA61E322CF1A}"
EndProject
Project("{FAE04EC0-301F-11D3-BF4B-00C04F79EFBC}") = "OrderService.Api", "src\Services\OrderService\OrderService.Api\OrderService.Api.csproj", "{589339E7-0575-48D3-83AD-3CE727A05E76}"
EndProject
Project("{FAE04EC0-301F-11D3-BF4B-00C04F79EFBC}") = "OrderService.Application", "src\Services\OrderService\OrderService.Application\OrderService.Application.csproj", "{DACBD1B5-73B0-444B-8457-913C79F714FF}"
EndProject
Project("{FAE04EC0-301F-11D3-BF4B-00C04F79EFBC}") = "OrderService.Domain", "src\Services\OrderService\OrderService.Domain\OrderService.Domain.csproj", "{CFE91410-425D-4CB8-A24C-98559D9CDBDF}"
EndProject
Project("{FAE04EC0-301F-11D3-BF4B-00C04F79EFBC}") = "OrderService.Infrastructure", "src\Services\OrderService\OrderService.Infrastructure\OrderService.Infrastructure.csproj", "{F1F075BB-C4EB-4A00-8F53-BDD3FC5D13CD}"
EndProject
Project("{2150E333-8FDC-42A3-9474-1A3956D46DE8}") = "PaymentService", "PaymentService", "{C24B563F-9AF2-4F41-B5B7-037E59AE62DA}"
EndProject
Project("{FAE04EC0-301F-11D3-BF4B-00C04F79EFBC}") = "PaymentService.Api", "src\Services\PaymentService\PaymentService.Api\PaymentService.Api.csproj", "{1D05027B-B7C3-4C0C-AB9B-A021A5DEE2B3}"
EndProject
Project("{FAE04EC0-301F-11D3-BF4B-00C04F79EFBC}") = "PaymentService.Application", "src\Services\PaymentService\PaymentService.Application\PaymentService.Application.csproj", "{0BA58018-4AC7-4B6E-856A-451C604AFAF8}"
EndProject
Project("{FAE04EC0-301F-11D3-BF4B-00C04F79EFBC}") = "PaymentService.Domain", "src\Services\PaymentService\PaymentService.Domain\PaymentService.Domain.csproj", "{575CD566-F138-42CF-A61F-57F0718DC5ED}"
EndProject
Project("{FAE04EC0-301F-11D3-BF4B-00C04F79EFBC}") = "PaymentService.Infrastructure", "src\Services\PaymentService\PaymentService.Infrastructure\PaymentService.Infrastructure.csproj", "{9DCA3977-C9BA-4234-BE3A-2D8B4F16BE34}"
EndProject
Project("{2150E333-8FDC-42A3-9474-1A3956D46DE8}") = "ProductService", "ProductService", "{B7588FD5-5C92-4286-B3BA-7C06BFA42829}"
EndProject
Project("{FAE04EC0-301F-11D3-BF4B-00C04F79EFBC}") = "ProductService.Api", "src\Services\ProductService\ProductService.Api\ProductService.Api.csproj", "{C0DA93BF-F3AC-479C-8F95-B75D55B7D4B3}"
EndProject
Project("{FAE04EC0-301F-11D3-BF4B-00C04F79EFBC}") = "ProductService.Application", "src\Services\ProductService\ProductService.Application\ProductService.Application.csproj", "{25835E47-FA60-4FF3-95A8-0C8072698E6D}"
EndProject
Project("{FAE04EC0-301F-11D3-BF4B-00C04F79EFBC}") = "ProductService.Domain", "src\Services\ProductService\ProductService.Domain\ProductService.Domain.csproj", "{6D95DCE0-435E-440C-8D85-D272C2321412}"
EndProject
Project("{FAE04EC0-301F-11D3-BF4B-00C04F79EFBC}") = "ProductService.Infrastructure", "src\Services\ProductService\ProductService.Infrastructure\ProductService.Infrastructure.csproj", "{8BC1582B-6390-4599-A17A-A18D285ACE4E}"
EndProject
Project("{2150E333-8FDC-42A3-9474-1A3956D46DE8}") = "ReviewService", "ReviewService", "{6DEBAA11-15D1-40F2-B6D5-AA8CC2B3FD72}"
EndProject
Project("{FAE04EC0-301F-11D3-BF4B-00C04F79EFBC}") = "ReviewService.Api", "src\Services\ReviewService\ReviewService.Api\ReviewService.Api.csproj", "{6B237AFA-77B4-4DA3-BEBB-AE18293E21C2}"
EndProject
Project("{FAE04EC0-301F-11D3-BF4B-00C04F79EFBC}") = "ReviewService.Application", "src\Services\ReviewService\ReviewService.Application\ReviewService.Application.csproj", "{39FF3DE8-C1D9-4185-B96C-BCE1FFDEFC00}"
EndProject
Project("{FAE04EC0-301F-11D3-BF4B-00C04F79EFBC}") = "ReviewService.Domain", "src\Services\ReviewService\ReviewService.Domain\ReviewService.Domain.csproj", "{304EDA2E-B818-40C8-922D-C750A0D48CDE}"
EndProject
Project("{FAE04EC0-301F-11D3-BF4B-00C04F79EFBC}") = "ReviewService.Infrastructure", "src\Services\ReviewService\ReviewService.Infrastructure\ReviewService.Infrastructure.csproj", "{34B73412-6539-4AF3-AE22-AF750905D553}"
EndProject
Project("{FAE04EC0-301F-11D3-BF4B-00C04F79EFBC}") = "tests", "tests\tests.csproj", "{271E83D9-DD66-47AC-8EEC-9E18F3978832}"
EndProject
Project("{FAE04EC0-301F-11D3-BF4B-00C04F79EFBC}") = "Shared.Authentication", "src\BuildingBlocks\Shared.Authentication\Shared.Authentication.csproj", "{1DCA5DF2-B25F-42D2-90BF-2159C31ED9ED}"
EndProject
Global
	GlobalSection(SolutionConfigurationPlatforms) = preSolution
		Debug|Any CPU = Debug|Any CPU
		Release|Any CPU = Release|Any CPU
	EndGlobalSection
	GlobalSection(SolutionProperties) = preSolution
		HideSolutionNode = FALSE
	EndGlobalSection
	GlobalSection(ProjectConfigurationPlatforms) = postSolution
		{D0B224E6-9489-426D-9428-825F94BB7A97}.Debug|Any CPU.ActiveCfg = Debug|Any CPU
		{D0B224E6-9489-426D-9428-825F94BB7A97}.Debug|Any CPU.Build.0 = Debug|Any CPU
		{D0B224E6-9489-426D-9428-825F94BB7A97}.Release|Any CPU.ActiveCfg = Release|Any CPU
		{D0B224E6-9489-426D-9428-825F94BB7A97}.Release|Any CPU.Build.0 = Release|Any CPU
		{59F71FE5-E05E-4EF5-B267-5299CD0A0616}.Debug|Any CPU.ActiveCfg = Debug|Any CPU
		{59F71FE5-E05E-4EF5-B267-5299CD0A0616}.Debug|Any CPU.Build.0 = Debug|Any CPU
		{59F71FE5-E05E-4EF5-B267-5299CD0A0616}.Release|Any CPU.ActiveCfg = Release|Any CPU
		{59F71FE5-E05E-4EF5-B267-5299CD0A0616}.Release|Any CPU.Build.0 = Release|Any CPU
		{EF12DA2C-984A-434E-8F58-38DE14BCD417}.Debug|Any CPU.ActiveCfg = Debug|Any CPU
		{EF12DA2C-984A-434E-8F58-38DE14BCD417}.Debug|Any CPU.Build.0 = Debug|Any CPU
		{EF12DA2C-984A-434E-8F58-38DE14BCD417}.Release|Any CPU.ActiveCfg = Release|Any CPU
		{EF12DA2C-984A-434E-8F58-38DE14BCD417}.Release|Any CPU.Build.0 = Release|Any CPU
		{27D140CF-5B4D-4459-8D63-773F4FED871D}.Debug|Any CPU.ActiveCfg = Debug|Any CPU
		{27D140CF-5B4D-4459-8D63-773F4FED871D}.Debug|Any CPU.Build.0 = Debug|Any CPU
		{27D140CF-5B4D-4459-8D63-773F4FED871D}.Release|Any CPU.ActiveCfg = Release|Any CPU
		{27D140CF-5B4D-4459-8D63-773F4FED871D}.Release|Any CPU.Build.0 = Release|Any CPU
		{D81127A8-92A7-4DDF-AB0F-8F870C73B04A}.Debug|Any CPU.ActiveCfg = Debug|Any CPU
		{D81127A8-92A7-4DDF-AB0F-8F870C73B04A}.Debug|Any CPU.Build.0 = Debug|Any CPU
		{D81127A8-92A7-4DDF-AB0F-8F870C73B04A}.Release|Any CPU.ActiveCfg = Release|Any CPU
		{D81127A8-92A7-4DDF-AB0F-8F870C73B04A}.Release|Any CPU.Build.0 = Release|Any CPU
		{34077504-C72C-4C7F-A109-C985703E7E37}.Debug|Any CPU.ActiveCfg = Debug|Any CPU
		{34077504-C72C-4C7F-A109-C985703E7E37}.Debug|Any CPU.Build.0 = Debug|Any CPU
		{34077504-C72C-4C7F-A109-C985703E7E37}.Release|Any CPU.ActiveCfg = Release|Any CPU
		{34077504-C72C-4C7F-A109-C985703E7E37}.Release|Any CPU.Build.0 = Release|Any CPU
		{372331E6-1050-49B2-B90D-33EFEF3A170C}.Debug|Any CPU.ActiveCfg = Debug|Any CPU
		{372331E6-1050-49B2-B90D-33EFEF3A170C}.Debug|Any CPU.Build.0 = Debug|Any CPU
		{372331E6-1050-49B2-B90D-33EFEF3A170C}.Release|Any CPU.ActiveCfg = Release|Any CPU
		{372331E6-1050-49B2-B90D-33EFEF3A170C}.Release|Any CPU.Build.0 = Release|Any CPU
		{282B8ABD-80C7-4D10-AD26-F13D39145740}.Debug|Any CPU.ActiveCfg = Debug|Any CPU
		{282B8ABD-80C7-4D10-AD26-F13D39145740}.Debug|Any CPU.Build.0 = Debug|Any CPU
		{282B8ABD-80C7-4D10-AD26-F13D39145740}.Release|Any CPU.ActiveCfg = Release|Any CPU
		{282B8ABD-80C7-4D10-AD26-F13D39145740}.Release|Any CPU.Build.0 = Release|Any CPU
		{68B74B7A-C162-43B0-9081-E32A5BB431F9}.Debug|Any CPU.ActiveCfg = Debug|Any CPU
		{68B74B7A-C162-43B0-9081-E32A5BB431F9}.Debug|Any CPU.Build.0 = Debug|Any CPU
		{68B74B7A-C162-43B0-9081-E32A5BB431F9}.Release|Any CPU.ActiveCfg = Release|Any CPU
		{68B74B7A-C162-43B0-9081-E32A5BB431F9}.Release|Any CPU.Build.0 = Release|Any CPU
		{8A91A6B4-FF54-4743-B991-10121605D243}.Debug|Any CPU.ActiveCfg = Debug|Any CPU
		{8A91A6B4-FF54-4743-B991-10121605D243}.Debug|Any CPU.Build.0 = Debug|Any CPU
		{8A91A6B4-FF54-4743-B991-10121605D243}.Release|Any CPU.ActiveCfg = Release|Any CPU
		{8A91A6B4-FF54-4743-B991-10121605D243}.Release|Any CPU.Build.0 = Release|Any CPU
		{1151CF97-6063-4D40-B919-EF633FF93397}.Debug|Any CPU.ActiveCfg = Debug|Any CPU
		{1151CF97-6063-4D40-B919-EF633FF93397}.Debug|Any CPU.Build.0 = Debug|Any CPU
		{1151CF97-6063-4D40-B919-EF633FF93397}.Release|Any CPU.ActiveCfg = Release|Any CPU
		{1151CF97-6063-4D40-B919-EF633FF93397}.Release|Any CPU.Build.0 = Release|Any CPU
		{46390E08-D7EE-4C6A-A283-9CE24FB4EAAC}.Debug|Any CPU.ActiveCfg = Debug|Any CPU
		{46390E08-D7EE-4C6A-A283-9CE24FB4EAAC}.Debug|Any CPU.Build.0 = Debug|Any CPU
		{46390E08-D7EE-4C6A-A283-9CE24FB4EAAC}.Release|Any CPU.ActiveCfg = Release|Any CPU
		{46390E08-D7EE-4C6A-A283-9CE24FB4EAAC}.Release|Any CPU.Build.0 = Release|Any CPU
		{989459E4-53F3-44EC-AF38-2A6B28615657}.Debug|Any CPU.ActiveCfg = Debug|Any CPU
		{989459E4-53F3-44EC-AF38-2A6B28615657}.Debug|Any CPU.Build.0 = Debug|Any CPU
		{989459E4-53F3-44EC-AF38-2A6B28615657}.Release|Any CPU.ActiveCfg = Release|Any CPU
		{989459E4-53F3-44EC-AF38-2A6B28615657}.Release|Any CPU.Build.0 = Release|Any CPU
		{2834163A-CEFA-49F5-9501-4370A78C2312}.Debug|Any CPU.ActiveCfg = Debug|Any CPU
		{2834163A-CEFA-49F5-9501-4370A78C2312}.Debug|Any CPU.Build.0 = Debug|Any CPU
		{2834163A-CEFA-49F5-9501-4370A78C2312}.Release|Any CPU.ActiveCfg = Release|Any CPU
		{2834163A-CEFA-49F5-9501-4370A78C2312}.Release|Any CPU.Build.0 = Release|Any CPU
		{C04B3D04-D580-4537-950C-876C5D0B8D2B}.Debug|Any CPU.ActiveCfg = Debug|Any CPU
		{C04B3D04-D580-4537-950C-876C5D0B8D2B}.Debug|Any CPU.Build.0 = Debug|Any CPU
		{C04B3D04-D580-4537-950C-876C5D0B8D2B}.Release|Any CPU.ActiveCfg = Release|Any CPU
		{C04B3D04-D580-4537-950C-876C5D0B8D2B}.Release|Any CPU.Build.0 = Release|Any CPU
		{2EEE6186-0003-4DA1-820E-C3AE03D0E15D}.Debug|Any CPU.ActiveCfg = Debug|Any CPU
		{2EEE6186-0003-4DA1-820E-C3AE03D0E15D}.Debug|Any CPU.Build.0 = Debug|Any CPU
		{2EEE6186-0003-4DA1-820E-C3AE03D0E15D}.Release|Any CPU.ActiveCfg = Release|Any CPU
		{2EEE6186-0003-4DA1-820E-C3AE03D0E15D}.Release|Any CPU.Build.0 = Release|Any CPU
		{782031A8-B636-46CA-AE17-C4E81C8DAA03}.Debug|Any CPU.ActiveCfg = Debug|Any CPU
		{782031A8-B636-46CA-AE17-C4E81C8DAA03}.Debug|Any CPU.Build.0 = Debug|Any CPU
		{782031A8-B636-46CA-AE17-C4E81C8DAA03}.Release|Any CPU.ActiveCfg = Release|Any CPU
		{782031A8-B636-46CA-AE17-C4E81C8DAA03}.Release|Any CPU.Build.0 = Release|Any CPU
		{46F57596-06DC-4ABF-934A-8420A7C38B65}.Debug|Any CPU.ActiveCfg = Debug|Any CPU
		{46F57596-06DC-4ABF-934A-8420A7C38B65}.Debug|Any CPU.Build.0 = Debug|Any CPU
		{46F57596-06DC-4ABF-934A-8420A7C38B65}.Release|Any CPU.ActiveCfg = Release|Any CPU
		{46F57596-06DC-4ABF-934A-8420A7C38B65}.Release|Any CPU.Build.0 = Release|Any CPU
		{32C9FD77-12E4-4A52-A679-B996F96F2660}.Debug|Any CPU.ActiveCfg = Debug|Any CPU
		{32C9FD77-12E4-4A52-A679-B996F96F2660}.Debug|Any CPU.Build.0 = Debug|Any CPU
		{32C9FD77-12E4-4A52-A679-B996F96F2660}.Release|Any CPU.ActiveCfg = Release|Any CPU
		{32C9FD77-12E4-4A52-A679-B996F96F2660}.Release|Any CPU.Build.0 = Release|Any CPU
		{5FCE1F2C-12CA-43F8-8D2F-EA5273565E1F}.Debug|Any CPU.ActiveCfg = Debug|Any CPU
		{5FCE1F2C-12CA-43F8-8D2F-EA5273565E1F}.Debug|Any CPU.Build.0 = Debug|Any CPU
		{5FCE1F2C-12CA-43F8-8D2F-EA5273565E1F}.Release|Any CPU.ActiveCfg = Release|Any CPU
		{5FCE1F2C-12CA-43F8-8D2F-EA5273565E1F}.Release|Any CPU.Build.0 = Release|Any CPU
		{589339E7-0575-48D3-83AD-3CE727A05E76}.Debug|Any CPU.ActiveCfg = Debug|Any CPU
		{589339E7-0575-48D3-83AD-3CE727A05E76}.Debug|Any CPU.Build.0 = Debug|Any CPU
		{589339E7-0575-48D3-83AD-3CE727A05E76}.Release|Any CPU.ActiveCfg = Release|Any CPU
		{589339E7-0575-48D3-83AD-3CE727A05E76}.Release|Any CPU.Build.0 = Release|Any CPU
		{DACBD1B5-73B0-444B-8457-913C79F714FF}.Debug|Any CPU.ActiveCfg = Debug|Any CPU
		{DACBD1B5-73B0-444B-8457-913C79F714FF}.Debug|Any CPU.Build.0 = Debug|Any CPU
		{DACBD1B5-73B0-444B-8457-913C79F714FF}.Release|Any CPU.ActiveCfg = Release|Any CPU
		{DACBD1B5-73B0-444B-8457-913C79F714FF}.Release|Any CPU.Build.0 = Release|Any CPU
		{CFE91410-425D-4CB8-A24C-98559D9CDBDF}.Debug|Any CPU.ActiveCfg = Debug|Any CPU
		{CFE91410-425D-4CB8-A24C-98559D9CDBDF}.Debug|Any CPU.Build.0 = Debug|Any CPU
		{CFE91410-425D-4CB8-A24C-98559D9CDBDF}.Release|Any CPU.ActiveCfg = Release|Any CPU
		{CFE91410-425D-4CB8-A24C-98559D9CDBDF}.Release|Any CPU.Build.0 = Release|Any CPU
		{F1F075BB-C4EB-4A00-8F53-BDD3FC5D13CD}.Debug|Any CPU.ActiveCfg = Debug|Any CPU
		{F1F075BB-C4EB-4A00-8F53-BDD3FC5D13CD}.Debug|Any CPU.Build.0 = Debug|Any CPU
		{F1F075BB-C4EB-4A00-8F53-BDD3FC5D13CD}.Release|Any CPU.ActiveCfg = Release|Any CPU
		{F1F075BB-C4EB-4A00-8F53-BDD3FC5D13CD}.Release|Any CPU.Build.0 = Release|Any CPU
		{1D05027B-B7C3-4C0C-AB9B-A021A5DEE2B3}.Debug|Any CPU.ActiveCfg = Debug|Any CPU
		{1D05027B-B7C3-4C0C-AB9B-A021A5DEE2B3}.Debug|Any CPU.Build.0 = Debug|Any CPU
		{1D05027B-B7C3-4C0C-AB9B-A021A5DEE2B3}.Release|Any CPU.ActiveCfg = Release|Any CPU
		{1D05027B-B7C3-4C0C-AB9B-A021A5DEE2B3}.Release|Any CPU.Build.0 = Release|Any CPU
		{0BA58018-4AC7-4B6E-856A-451C604AFAF8}.Debug|Any CPU.ActiveCfg = Debug|Any CPU
		{0BA58018-4AC7-4B6E-856A-451C604AFAF8}.Debug|Any CPU.Build.0 = Debug|Any CPU
		{0BA58018-4AC7-4B6E-856A-451C604AFAF8}.Release|Any CPU.ActiveCfg = Release|Any CPU
		{0BA58018-4AC7-4B6E-856A-451C604AFAF8}.Release|Any CPU.Build.0 = Release|Any CPU
		{575CD566-F138-42CF-A61F-57F0718DC5ED}.Debug|Any CPU.ActiveCfg = Debug|Any CPU
		{575CD566-F138-42CF-A61F-57F0718DC5ED}.Debug|Any CPU.Build.0 = Debug|Any CPU
		{575CD566-F138-42CF-A61F-57F0718DC5ED}.Release|Any CPU.ActiveCfg = Release|Any CPU
		{575CD566-F138-42CF-A61F-57F0718DC5ED}.Release|Any CPU.Build.0 = Release|Any CPU
		{9DCA3977-C9BA-4234-BE3A-2D8B4F16BE34}.Debug|Any CPU.ActiveCfg = Debug|Any CPU
		{9DCA3977-C9BA-4234-BE3A-2D8B4F16BE34}.Debug|Any CPU.Build.0 = Debug|Any CPU
		{9DCA3977-C9BA-4234-BE3A-2D8B4F16BE34}.Release|Any CPU.ActiveCfg = Release|Any CPU
		{9DCA3977-C9BA-4234-BE3A-2D8B4F16BE34}.Release|Any CPU.Build.0 = Release|Any CPU
		{C0DA93BF-F3AC-479C-8F95-B75D55B7D4B3}.Debug|Any CPU.ActiveCfg = Debug|Any CPU
		{C0DA93BF-F3AC-479C-8F95-B75D55B7D4B3}.Debug|Any CPU.Build.0 = Debug|Any CPU
		{C0DA93BF-F3AC-479C-8F95-B75D55B7D4B3}.Release|Any CPU.ActiveCfg = Release|Any CPU
		{C0DA93BF-F3AC-479C-8F95-B75D55B7D4B3}.Release|Any CPU.Build.0 = Release|Any CPU
		{25835E47-FA60-4FF3-95A8-0C8072698E6D}.Debug|Any CPU.ActiveCfg = Debug|Any CPU
		{25835E47-FA60-4FF3-95A8-0C8072698E6D}.Debug|Any CPU.Build.0 = Debug|Any CPU
		{25835E47-FA60-4FF3-95A8-0C8072698E6D}.Release|Any CPU.ActiveCfg = Release|Any CPU
		{25835E47-FA60-4FF3-95A8-0C8072698E6D}.Release|Any CPU.Build.0 = Release|Any CPU
		{6D95DCE0-435E-440C-8D85-D272C2321412}.Debug|Any CPU.ActiveCfg = Debug|Any CPU
		{6D95DCE0-435E-440C-8D85-D272C2321412}.Debug|Any CPU.Build.0 = Debug|Any CPU
		{6D95DCE0-435E-440C-8D85-D272C2321412}.Release|Any CPU.ActiveCfg = Release|Any CPU
		{6D95DCE0-435E-440C-8D85-D272C2321412}.Release|Any CPU.Build.0 = Release|Any CPU
		{8BC1582B-6390-4599-A17A-A18D285ACE4E}.Debug|Any CPU.ActiveCfg = Debug|Any CPU
		{8BC1582B-6390-4599-A17A-A18D285ACE4E}.Debug|Any CPU.Build.0 = Debug|Any CPU
		{8BC1582B-6390-4599-A17A-A18D285ACE4E}.Release|Any CPU.ActiveCfg = Release|Any CPU
		{8BC1582B-6390-4599-A17A-A18D285ACE4E}.Release|Any CPU.Build.0 = Release|Any CPU
		{6B237AFA-77B4-4DA3-BEBB-AE18293E21C2}.Debug|Any CPU.ActiveCfg = Debug|Any CPU
		{6B237AFA-77B4-4DA3-BEBB-AE18293E21C2}.Debug|Any CPU.Build.0 = Debug|Any CPU
		{6B237AFA-77B4-4DA3-BEBB-AE18293E21C2}.Release|Any CPU.ActiveCfg = Release|Any CPU
		{6B237AFA-77B4-4DA3-BEBB-AE18293E21C2}.Release|Any CPU.Build.0 = Release|Any CPU
		{39FF3DE8-C1D9-4185-B96C-BCE1FFDEFC00}.Debug|Any CPU.ActiveCfg = Debug|Any CPU
		{39FF3DE8-C1D9-4185-B96C-BCE1FFDEFC00}.Debug|Any CPU.Build.0 = Debug|Any CPU
		{39FF3DE8-C1D9-4185-B96C-BCE1FFDEFC00}.Release|Any CPU.ActiveCfg = Release|Any CPU
		{39FF3DE8-C1D9-4185-B96C-BCE1FFDEFC00}.Release|Any CPU.Build.0 = Release|Any CPU
		{304EDA2E-B818-40C8-922D-C750A0D48CDE}.Debug|Any CPU.ActiveCfg = Debug|Any CPU
		{304EDA2E-B818-40C8-922D-C750A0D48CDE}.Debug|Any CPU.Build.0 = Debug|Any CPU
		{304EDA2E-B818-40C8-922D-C750A0D48CDE}.Release|Any CPU.ActiveCfg = Release|Any CPU
		{304EDA2E-B818-40C8-922D-C750A0D48CDE}.Release|Any CPU.Build.0 = Release|Any CPU
		{34B73412-6539-4AF3-AE22-AF750905D553}.Debug|Any CPU.ActiveCfg = Debug|Any CPU
		{34B73412-6539-4AF3-AE22-AF750905D553}.Debug|Any CPU.Build.0 = Debug|Any CPU
		{34B73412-6539-4AF3-AE22-AF750905D553}.Release|Any CPU.ActiveCfg = Release|Any CPU
		{34B73412-6539-4AF3-AE22-AF750905D553}.Release|Any CPU.Build.0 = Release|Any CPU
		{271E83D9-DD66-47AC-8EEC-9E18F3978832}.Debug|Any CPU.ActiveCfg = Debug|Any CPU
		{271E83D9-DD66-47AC-8EEC-9E18F3978832}.Debug|Any CPU.Build.0 = Debug|Any CPU
		{271E83D9-DD66-47AC-8EEC-9E18F3978832}.Release|Any CPU.ActiveCfg = Release|Any CPU
		{271E83D9-DD66-47AC-8EEC-9E18F3978832}.Release|Any CPU.Build.0 = Release|Any CPU
		{1DCA5DF2-B25F-42D2-90BF-2159C31ED9ED}.Debug|Any CPU.ActiveCfg = Debug|Any CPU
		{1DCA5DF2-B25F-42D2-90BF-2159C31ED9ED}.Debug|Any CPU.Build.0 = Debug|Any CPU
		{1DCA5DF2-B25F-42D2-90BF-2159C31ED9ED}.Release|Any CPU.ActiveCfg = Release|Any CPU
		{1DCA5DF2-B25F-42D2-90BF-2159C31ED9ED}.Release|Any CPU.Build.0 = Release|Any CPU
	EndGlobalSection
	GlobalSection(NestedProjects) = preSolution
		{D0E48552-6073-452B-B88B-4312B91EE30A} = {959C6385-7ECD-446B-BE96-A7D6C1823A5F}
		{D0B224E6-9489-426D-9428-825F94BB7A97} = {D0E48552-6073-452B-B88B-4312B91EE30A}
		{330BD5A9-27EE-4A89-A7F5-7ECD967B27C7} = {959C6385-7ECD-446B-BE96-A7D6C1823A5F}
		{59F71FE5-E05E-4EF5-B267-5299CD0A0616} = {330BD5A9-27EE-4A89-A7F5-7ECD967B27C7}
		{EF12DA2C-984A-434E-8F58-38DE14BCD417} = {330BD5A9-27EE-4A89-A7F5-7ECD967B27C7}
		{27D140CF-5B4D-4459-8D63-773F4FED871D} = {330BD5A9-27EE-4A89-A7F5-7ECD967B27C7}
		{3AE02990-8AE6-4442-9C46-97997B0FB302} = {959C6385-7ECD-446B-BE96-A7D6C1823A5F}
		{81BF1A93-82CD-4220-B7AF-1AB3AD96C36D} = {3AE02990-8AE6-4442-9C46-97997B0FB302}
		{D81127A8-92A7-4DDF-AB0F-8F870C73B04A} = {81BF1A93-82CD-4220-B7AF-1AB3AD96C36D}
		{34077504-C72C-4C7F-A109-C985703E7E37} = {81BF1A93-82CD-4220-B7AF-1AB3AD96C36D}
		{372331E6-1050-49B2-B90D-33EFEF3A170C} = {81BF1A93-82CD-4220-B7AF-1AB3AD96C36D}
		{282B8ABD-80C7-4D10-AD26-F13D39145740} = {81BF1A93-82CD-4220-B7AF-1AB3AD96C36D}
		{3AEB5DE9-5E26-49B8-996B-EF7C492B0504} = {3AE02990-8AE6-4442-9C46-97997B0FB302}
		{68B74B7A-C162-43B0-9081-E32A5BB431F9} = {3AEB5DE9-5E26-49B8-996B-EF7C492B0504}
		{8A91A6B4-FF54-4743-B991-10121605D243} = {3AEB5DE9-5E26-49B8-996B-EF7C492B0504}
		{1151CF97-6063-4D40-B919-EF633FF93397} = {3AEB5DE9-5E26-49B8-996B-EF7C492B0504}
		{46390E08-D7EE-4C6A-A283-9CE24FB4EAAC} = {3AEB5DE9-5E26-49B8-996B-EF7C492B0504}
		{B14F30AE-AD4E-4780-848B-A9CC602FC226} = {3AE02990-8AE6-4442-9C46-97997B0FB302}
		{989459E4-53F3-44EC-AF38-2A6B28615657} = {B14F30AE-AD4E-4780-848B-A9CC602FC226}
		{2834163A-CEFA-49F5-9501-4370A78C2312} = {B14F30AE-AD4E-4780-848B-A9CC602FC226}
		{C04B3D04-D580-4537-950C-876C5D0B8D2B} = {B14F30AE-AD4E-4780-848B-A9CC602FC226}
		{2EEE6186-0003-4DA1-820E-C3AE03D0E15D} = {B14F30AE-AD4E-4780-848B-A9CC602FC226}
		{986F6395-9CA9-4790-87DF-5273C307D6B6} = {3AE02990-8AE6-4442-9C46-97997B0FB302}
		{782031A8-B636-46CA-AE17-C4E81C8DAA03} = {986F6395-9CA9-4790-87DF-5273C307D6B6}
		{46F57596-06DC-4ABF-934A-8420A7C38B65} = {986F6395-9CA9-4790-87DF-5273C307D6B6}
		{32C9FD77-12E4-4A52-A679-B996F96F2660} = {986F6395-9CA9-4790-87DF-5273C307D6B6}
		{5FCE1F2C-12CA-43F8-8D2F-EA5273565E1F} = {986F6395-9CA9-4790-87DF-5273C307D6B6}
		{D48DF851-3F88-454F-90CD-EA61E322CF1A} = {3AE02990-8AE6-4442-9C46-97997B0FB302}
		{589339E7-0575-48D3-83AD-3CE727A05E76} = {D48DF851-3F88-454F-90CD-EA61E322CF1A}
		{DACBD1B5-73B0-444B-8457-913C79F714FF} = {D48DF851-3F88-454F-90CD-EA61E322CF1A}
		{CFE91410-425D-4CB8-A24C-98559D9CDBDF} = {D48DF851-3F88-454F-90CD-EA61E322CF1A}
		{F1F075BB-C4EB-4A00-8F53-BDD3FC5D13CD} = {D48DF851-3F88-454F-90CD-EA61E322CF1A}
		{C24B563F-9AF2-4F41-B5B7-037E59AE62DA} = {3AE02990-8AE6-4442-9C46-97997B0FB302}
		{1D05027B-B7C3-4C0C-AB9B-A021A5DEE2B3} = {C24B563F-9AF2-4F41-B5B7-037E59AE62DA}
		{0BA58018-4AC7-4B6E-856A-451C604AFAF8} = {C24B563F-9AF2-4F41-B5B7-037E59AE62DA}
		{575CD566-F138-42CF-A61F-57F0718DC5ED} = {C24B563F-9AF2-4F41-B5B7-037E59AE62DA}
		{9DCA3977-C9BA-4234-BE3A-2D8B4F16BE34} = {C24B563F-9AF2-4F41-B5B7-037E59AE62DA}
		{B7588FD5-5C92-4286-B3BA-7C06BFA42829} = {3AE02990-8AE6-4442-9C46-97997B0FB302}
		{C0DA93BF-F3AC-479C-8F95-B75D55B7D4B3} = {B7588FD5-5C92-4286-B3BA-7C06BFA42829}
		{25835E47-FA60-4FF3-95A8-0C8072698E6D} = {B7588FD5-5C92-4286-B3BA-7C06BFA42829}
		{6D95DCE0-435E-440C-8D85-D272C2321412} = {B7588FD5-5C92-4286-B3BA-7C06BFA42829}
		{8BC1582B-6390-4599-A17A-A18D285ACE4E} = {B7588FD5-5C92-4286-B3BA-7C06BFA42829}
		{6DEBAA11-15D1-40F2-B6D5-AA8CC2B3FD72} = {3AE02990-8AE6-4442-9C46-97997B0FB302}
		{6B237AFA-77B4-4DA3-BEBB-AE18293E21C2} = {6DEBAA11-15D1-40F2-B6D5-AA8CC2B3FD72}
		{39FF3DE8-C1D9-4185-B96C-BCE1FFDEFC00} = {6DEBAA11-15D1-40F2-B6D5-AA8CC2B3FD72}
		{304EDA2E-B818-40C8-922D-C750A0D48CDE} = {6DEBAA11-15D1-40F2-B6D5-AA8CC2B3FD72}
		{34B73412-6539-4AF3-AE22-AF750905D553} = {6DEBAA11-15D1-40F2-B6D5-AA8CC2B3FD72}
		{1DCA5DF2-B25F-42D2-90BF-2159C31ED9ED} = {330BD5A9-27EE-4A89-A7F5-7ECD967B27C7}
	EndGlobalSection
EndGlobal
